
Microsoft Visual Studio Solution File, Format Version 12.00
# Visual Studio Version 16
VisualStudioVersion = 16.0.32413.511
MinimumVisualStudioVersion = 10.0.40219.1
Project("{FAE04EC0-301F-11D3-BF4B-00C04F79EFBC}") = "SalesWebMvc", "SalesWebMvc\SalesWebMvc.csproj", "{C6453877-D747-4582-B130-7642A23C083D}"
EndProject
Global
	GlobalSection(SolutionConfigurationPlatforms) = preSolution
		Debug|Any CPU = Debug|Any CPU
		Release|Any CPU = Release|Any CPU
	EndGlobalSection
	GlobalSection(ProjectConfigurationPlatforms) = postSolution
		{C6453877-D747-4582-B130-7642A23C083D}.Debug|Any CPU.ActiveCfg = Debug|Any CPU
		{C6453877-D747-4582-B130-7642A23C083D}.Debug|Any CPU.Build.0 = Debug|Any CPU
		{C6453877-D747-4582-B130-7642A23C083D}.Release|Any CPU.ActiveCfg = Release|Any CPU
		{C6453877-D747-4582-B130-7642A23C083D}.Release|Any CPU.Build.0 = Release|Any CPU
	EndGlobalSection
	GlobalSection(SolutionProperties) = preSolution
		HideSolutionNode = FALSE
	EndGlobalSection
	GlobalSection(ExtensibilityGlobals) = postSolution
		SolutionGuid = {A30E0088-B908-4BB7-A3B5-F4BF8A4306A6}
	EndGlobalSection
EndGlobal
